// !$*UTF8*$!
{
	archiveVersion = 1;
	classes = {
	};
	objectVersion = 56;
	objects = {

/* Begin PBXBuildFile section */
		61AEBCDD29A47E6700DA81C7 /* MoodDiaryApp.swift in Sources */ = {isa = PBXBuildFile; fileRef = 61AEBCDC29A47E6700DA81C7 /* MoodDiaryApp.swift */; };
		61AEBCDF29A47E6700DA81C7 /* ContentView.swift in Sources */ = {isa = PBXBuildFile; fileRef = 61AEBCDE29A47E6700DA81C7 /* ContentView.swift */; };
		61AEBCE129A47E6800DA81C7 /* Assets.xcassets in Resources */ = {isa = PBXBuildFile; fileRef = 61AEBCE029A47E6800DA81C7 /* Assets.xcassets */; };
		61AEBCE429A47E6800DA81C7 /* Preview Assets.xcassets in Resources */ = {isa = PBXBuildFile; fileRef = 61AEBCE329A47E6800DA81C7 /* Preview Assets.xcassets */; };
		61AEBCED29A47EA800DA81C7 /* Mooddiary.swift in Sources */ = {isa = PBXBuildFile; fileRef = 61AEBCEC29A47EA800DA81C7 /* Mooddiary.swift */; };
		61AEBCF129A47EFD00DA81C7 /* Storage.swift in Sources */ = {isa = PBXBuildFile; fileRef = 61AEBCF029A47EFD00DA81C7 /* Storage.swift */; };
		61AEBCF329A47F1F00DA81C7 /* MoodDiaryStorage.swift in Sources */ = {isa = PBXBuildFile; fileRef = 61AEBCF229A47F1F00DA81C7 /* MoodDiaryStorage.swift */; };
/* End PBXBuildFile section */

/* Begin PBXFileReference section */
		61AEBCD929A47E6700DA81C7 /* MoodDiary.app */ = {isa = PBXFileReference; explicitFileType = wrapper.application; includeInIndex = 0; path = MoodDiary.app; sourceTree = BUILT_PRODUCTS_DIR; };
		61AEBCDC29A47E6700DA81C7 /* MoodDiaryApp.swift */ = {isa = PBXFileReference; lastKnownFileType = sourcecode.swift; path = MoodDiaryApp.swift; sourceTree = "<group>"; };
		61AEBCDE29A47E6700DA81C7 /* ContentView.swift */ = {isa = PBXFileReference; lastKnownFileType = sourcecode.swift; path = ContentView.swift; sourceTree = "<group>"; };
		61AEBCE029A47E6800DA81C7 /* Assets.xcassets */ = {isa = PBXFileReference; lastKnownFileType = folder.assetcatalog; path = Assets.xcassets; sourceTree = "<group>"; };
		61AEBCE329A47E6800DA81C7 /* Preview Assets.xcassets */ = {isa = PBXFileReference; lastKnownFileType = folder.assetcatalog; path = "Preview Assets.xcassets"; sourceTree = "<group>"; };
		61AEBCEC29A47EA800DA81C7 /* Mooddiary.swift */ = {isa = PBXFileReference; lastKnownFileType = sourcecode.swift; path = Mooddiary.swift; sourceTree = "<group>"; };
		61AEBCF029A47EFD00DA81C7 /* Storage.swift */ = {isa = PBXFileReference; lastKnownFileType = sourcecode.swift; path = Storage.swift; sourceTree = "<group>"; };
		61AEBCF229A47F1F00DA81C7 /* MoodDiaryStorage.swift */ = {isa = PBXFileReference; lastKnownFileType = sourcecode.swift; path = MoodDiaryStorage.swift; sourceTree = "<group>"; };
/* End PBXFileReference section */

/* Begin PBXFrameworksBuildPhase section */
		61AEBCD629A47E6700DA81C7 /* Frameworks */ = {
			isa = PBXFrameworksBuildPhase;
			buildActionMask = 2147483647;
			files = (
			);
			runOnlyForDeploymentPostprocessing = 0;
		};
/* End PBXFrameworksBuildPhase section */

/* Begin PBXGroup section */
		61AEBCD029A47E6700DA81C7 = {
			isa = PBXGroup;
			children = (
				61AEBCDB29A47E6700DA81C7 /* MoodDiary */,
				61AEBCDA29A47E6700DA81C7 /* Products */,
			);
			sourceTree = "<group>";
		};
		61AEBCDA29A47E6700DA81C7 /* Products */ = {
			isa = PBXGroup;
			children = (
				61AEBCD929A47E6700DA81C7 /* MoodDiary.app */,
			);
			name = Products;
			sourceTree = "<group>";
		};
		61AEBCDB29A47E6700DA81C7 /* MoodDiary */ = {
			isa = PBXGroup;
			children = (
				61AEBCDC29A47E6700DA81C7 /* MoodDiaryApp.swift */,
				61AEBCDE29A47E6700DA81C7 /* ContentView.swift */,
				61AEBCEC29A47EA800DA81C7 /* Mooddiary.swift */,
				61AEBCF029A47EFD00DA81C7 /* Storage.swift */,
				61AEBCF229A47F1F00DA81C7 /* MoodDiaryStorage.swift */,
				61AEBCE029A47E6800DA81C7 /* Assets.xcassets */,
				61AEBCE229A47E6800DA81C7 /* Preview Content */,
			);
			path = MoodDiary;
			sourceTree = "<group>";
		};
		61AEBCE229A47E6800DA81C7 /* Preview Content */ = {
			isa = PBXGroup;
			children = (
				61AEBCE329A47E6800DA81C7 /* Preview Assets.xcassets */,
			);
			path = "Preview Content";
			sourceTree = "<group>";
		};
/* End PBXGroup section */

/* Begin PBXNativeTarget section */
		61AEBCD829A47E6700DA81C7 /* MoodDiary */ = {
			isa = PBXNativeTarget;
			buildConfigurationList = 61AEBCE729A47E6800DA81C7 /* Build configuration list for PBXNativeTarget "MoodDiary" */;
			buildPhases = (
				61AEBCD529A47E6700DA81C7 /* Sources */,
				61AEBCD629A47E6700DA81C7 /* Frameworks */,
				61AEBCD729A47E6700DA81C7 /* Resources */,
			);
			buildRules = (
			);
			dependencies = (
			);
			name = MoodDiary;
			productName = MoodDiary;
			productReference = 61AEBCD929A47E6700DA81C7 /* MoodDiary.app */;
			productType = "com.apple.product-type.application";
		};
/* End PBXNativeTarget section */

/* Begin PBXProject section */
		61AEBCD129A47E6700DA81C7 /* Project object */ = {
			isa = PBXProject;
			attributes = {
				BuildIndependentTargetsInParallel = 1;
				LastSwiftUpdateCheck = 1420;
				LastUpgradeCheck = 1420;
				TargetAttributes = {
					61AEBCD829A47E6700DA81C7 = {
						CreatedOnToolsVersion = 14.2;
					};
				};
			};
			buildConfigurationList = 61AEBCD429A47E6700DA81C7 /* Build configuration list for PBXProject "MoodDiary" */;
			compatibilityVersion = "Xcode 14.0";
			developmentRegion = en;
			hasScannedForEncodings = 0;
			knownRegions = (
				en,
				Base,
			);
			mainGroup = 61AEBCD029A47E6700DA81C7;
			productRefGroup = 61AEBCDA29A47E6700DA81C7 /* Products */;
			projectDirPath = "";
			projectRoot = "";
			targets = (
				61AEBCD829A47E6700DA81C7 /* MoodDiary */,
			);
		};
/* End PBXProject section */

/* Begin PBXResourcesBuildPhase section */
		61AEBCD729A47E6700DA81C7 /* Resources */ = {
			isa = PBXResourcesBuildPhase;
			buildActionMask = 2147483647;
			files = (
				61AEBCE429A47E6800DA81C7 /* Preview Assets.xcassets in Resources */,
				61AEBCE129A47E6800DA81C7 /* Assets.xcassets in Resources */,
			);
			runOnlyForDeploymentPostprocessing = 0;
		};
/* End PBXResourcesBuildPhase section */

/* Begin PBXSourcesBuildPhase section */
		61AEBCD529A47E6700DA81C7 /* Sources */ = {
			isa = PBXSourcesBuildPhase;
			buildActionMask = 2147483647;
			files = (
				61AEBCF329A47F1F00DA81C7 /* MoodDiaryStorage.swift in Sources */,
				61AEBCDF29A47E6700DA81C7 /* ContentView.swift in Sources */,
				61AEBCED29A47EA800DA81C7 /* Mooddiary.swift in Sources */,
				61AEBCDD29A47E6700DA81C7 /* MoodDiaryApp.swift in Sources */,
				61AEBCF129A47EFD00DA81C7 /* Storage.swift in Sources */,
			);
			runOnlyForDeploymentPostprocessing = 0;
		};
/* End PBXSourcesBuildPhase section */

/* Begin XCBuildConfiguration section */
		61AEBCE529A47E6800DA81C7 /* Debug */ = {
			isa = XCBuildConfiguration;
			buildSettings = {
				ALWAYS_SEARCH_USER_PATHS = NO;
				CLANG_ANALYZER_NONNULL = YES;
				CLANG_ANALYZER_NUMBER_OBJECT_CONVERSION = YES_AGGRESSIVE;
				CLANG_CXX_LANGUAGE_STANDARD = "gnu++20";
				CLANG_ENABLE_MODULES = YES;
				CLANG_ENABLE_OBJC_ARC = YES;
				CLANG_ENABLE_OBJC_WEAK = YES;
				CLANG_WARN_BLOCK_CAPTURE_AUTORELEASING = YES;
				CLANG_WARN_BOOL_CONVERSION = YES;
				CLANG_WARN_COMMA = YES;
				CLANG_WARN_CONSTANT_CONVERSION = YES;
				CLANG_WARN_DEPRECATED_OBJC_IMPLEMENTATIONS = YES;
				CLANG_WARN_DIRECT_OBJC_ISA_USAGE = YES_ERROR;
				CLANG_WARN_DOCUMENTATION_COMMENTS = YES;
				CLANG_WARN_EMPTY_BODY = YES;
				CLANG_WARN_ENUM_CONVERSION = YES;
				CLANG_WARN_INFINITE_RECURSION = YES;
				CLANG_WARN_INT_CONVERSION = YES;
				CLANG_WARN_NON_LITERAL_NULL_CONVERSION = YES;
				CLANG_WARN_OBJC_IMPLICIT_RETAIN_SELF = YES;
				CLANG_WARN_OBJC_LITERAL_CONVERSION = YES;
				CLANG_WARN_OBJC_ROOT_CLASS = YES_ERROR;
				CLANG_WARN_QUOTED_INCLUDE_IN_FRAMEWORK_HEADER = YES;
				CLANG_WARN_RANGE_LOOP_ANALYSIS = YES;
				CLANG_WARN_STRICT_PROTOTYPES = YES;
				CLANG_WARN_SUSPICIOUS_MOVE = YES;
				CLANG_WARN_UNGUARDED_AVAILABILITY = YES_AGGRESSIVE;
				CLANG_WARN_UNREACHABLE_CODE = YES;
				CLANG_WARN__DUPLICATE_METHOD_MATCH = YES;
				COPY_PHASE_STRIP = NO;
				DEBUG_INFORMATION_FORMAT = dwarf;
				ENABLE_STRICT_OBJC_MSGSEND = YES;
				ENABLE_TESTABILITY = YES;
				GCC_C_LANGUAGE_STANDARD = gnu11;
				GCC_DYNAMIC_NO_PIC = NO;
				GCC_NO_COMMON_BLOCKS = YES;
				GCC_OPTIMIZATION_LEVEL = 0;
				GCC_PREPROCESSOR_DEFINITIONS = (
					"DEBUG=1",
					"$(inherited)",
				);
				GCC_WARN_64_TO_32_BIT_CONVERSION = YES;
				GCC_WARN_ABOUT_RETURN_TYPE = YES_ERROR;
				GCC_WARN_UNDECLARED_SELECTOR = YES;
				GCC_WARN_UNINITIALIZED_AUTOS = YES_AGGRESSIVE;
				GCC_WARN_UNUSED_FUNCTION = YES;
				GCC_WARN_UNUSED_VARIABLE = YES;
				IPHONEOS_DEPLOYMENT_TARGET = 16.2;
				MTL_ENABLE_DEBUG_INFO = INCLUDE_SOURCE;
				MTL_FAST_MATH = YES;
				ONLY_ACTIVE_ARCH = YES;
				SDKROOT = iphoneos;
				SWIFT_ACTIVE_COMPILATION_CONDITIONS = DEBUG;
				SWIFT_OPTIMIZATION_LEVEL = "-Onone";
			};
			name = Debug;
		};
		61AEBCE629A47E6800DA81C7 /* Release */ = {
			isa = XCBuildConfiguration;
			buildSettings = {
				ALWAYS_SEARCH_USER_PATHS = NO;
				CLANG_ANALYZER_NONNULL = YES;
				CLANG_ANALYZER_NUMBER_OBJECT_CONVERSION = YES_AGGRESSIVE;
				CLANG_CXX_LANGUAGE_STANDARD = "gnu++20";
				CLANG_ENABLE_MODULES = YES;
				CLANG_ENABLE_OBJC_ARC = YES;
				CLANG_ENABLE_OBJC_WEAK = YES;
				CLANG_WARN_BLOCK_CAPTURE_AUTORELEASING = YES;
				CLANG_WARN_BOOL_CONVERSION = YES;
				CLANG_WARN_COMMA = YES;
				CLANG_WARN_CONSTANT_CONVERSION = YES;
				CLANG_WARN_DEPRECATED_OBJC_IMPLEMENTATIONS = YES;
				CLANG_WARN_DIRECT_OBJC_ISA_USAGE = YES_ERROR;
				CLANG_WARN_DOCUMENTATION_COMMENTS = YES;
				CLANG_WARN_EMPTY_BODY = YES;
				CLANG_WARN_ENUM_CONVERSION = YES;
				CLANG_WARN_INFINITE_RECURSION = YES;
				CLANG_WARN_INT_CONVERSION = YES;
				CLANG_WARN_NON_LITERAL_NULL_CONVERSION = YES;
				CLANG_WARN_OBJC_IMPLICIT_RETAIN_SELF = YES;
				CLANG_WARN_OBJC_LITERAL_CONVERSION = YES;
				CLANG_WARN_OBJC_ROOT_CLASS = YES_ERROR;
				CLANG_WARN_QUOTED_INCLUDE_IN_FRAMEWORK_HEADER = YES;
				CLANG_WARN_RANGE_LOOP_ANALYSIS = YES;
				CLANG_WARN_STRICT_PROTOTYPES = YES;
				CLANG_WARN_SUSPICIOUS_MOVE = YES;
				CLANG_WARN_UNGUARDED_AVAILABILITY = YES_AGGRESSIVE;
				CLANG_WARN_UNREACHABLE_CODE = YES;
				CLANG_WARN__DUPLICATE_METHOD_MATCH = YES;
				COPY_PHASE_STRIP = NO;
				DEBUG_INFORMATION_FORMAT = "dwarf-with-dsym";
				ENABLE_NS_ASSERTIONS = NO;
				ENABLE_STRICT_OBJC_MSGSEND = YES;
				GCC_C_LANGUAGE_STANDARD = gnu11;
				GCC_NO_COMMON_BLOCKS = YES;
				GCC_WARN_64_TO_32_BIT_CONVERSION = YES;
				GCC_WARN_ABOUT_RETURN_TYPE = YES_ERROR;
				GCC_WARN_UNDECLARED_SELECTOR = YES;
				GCC_WARN_UNINITIALIZED_AUTOS = YES_AGGRESSIVE;
				GCC_WARN_UNUSED_FUNCTION = YES;
				GCC_WARN_UNUSED_VARIABLE = YES;
				IPHONEOS_DEPLOYMENT_TARGET = 16.2;
				MTL_ENABLE_DEBUG_INFO = NO;
				MTL_FAST_MATH = YES;
				SDKROOT = iphoneos;
				SWIFT_COMPILATION_MODE = wholemodule;
				SWIFT_OPTIMIZATION_LEVEL = "-O";
				VALIDATE_PRODUCT = YES;
			};
			name = Release;
		};
		61AEBCE829A47E6800DA81C7 /* Debug */ = {
			isa = XCBuildConfiguration;
			buildSettings = {
				ASSETCATALOG_COMPILER_APPICON_NAME = AppIcon;
				ASSETCATALOG_COMPILER_GLOBAL_ACCENT_COLOR_NAME = AccentColor;
				CODE_SIGN_STYLE = Automatic;
				CURRENT_PROJECT_VERSION = 1;
				DEVELOPMENT_ASSET_PATHS = "\"MoodDiary/Preview Content\"";
				DEVELOPMENT_TEAM = U4VRMQD4GK;
				ENABLE_PREVIEWS = YES;
				GENERATE_INFOPLIST_FILE = YES;
				INFOPLIST_KEY_UIApplicationSceneManifest_Generation = YES;
				INFOPLIST_KEY_UIApplicationSupportsIndirectInputEvents = YES;
				INFOPLIST_KEY_UILaunchScreen_Generation = YES;
				INFOPLIST_KEY_UISupportedInterfaceOrientations_iPad = "UIInterfaceOrientationPortrait UIInterfaceOrientationPortraitUpsideDown UIInterfaceOrientationLandscapeLeft UIInterfaceOrientationLandscapeRight";
				INFOPLIST_KEY_UISupportedInterfaceOrientations_iPhone = "UIInterfaceOrientationPortrait UIInterfaceOrientationLandscapeLeft UIInterfaceOrientationLandscapeRight";
				LD_RUNPATH_SEARCH_PATHS = (
					"$(inherited)",
					"@executable_path/Frameworks",
				);
				MARKETING_VERSION = 1.0;
				PRODUCT_BUNDLE_IDENTIFIER = au.edu.uts.MoodDiary;
				PRODUCT_NAME = "$(TARGET_NAME)";
				SWIFT_EMIT_LOC_STRINGS = YES;
				SWIFT_VERSION = 5.0;
				TARGETED_DEVICE_FAMILY = "1,2";
			};
			name = Debug;
		};
		61AEBCE929A47E6800DA81C7 /* Release */ = {
			isa = XCBuildConfiguration;
			buildSettings = {
				ASSETCATALOG_COMPILER_APPICON_NAME = AppIcon;
				ASSETCATALOG_COMPILER_GLOBAL_ACCENT_COLOR_NAME = AccentColor;
				CODE_SIGN_STYLE = Automatic;
				CURRENT_PROJECT_VERSION = 1;
				DEVELOPMENT_ASSET_PATHS = "\"MoodDiary/Preview Content\"";
				DEVELOPMENT_TEAM = U4VRMQD4GK;
				ENABLE_PREVIEWS = YES;
				GENERATE_INFOPLIST_FILE = YES;
				INFOPLIST_KEY_UIApplicationSceneManifest_Generation = YES;
				INFOPLIST_KEY_UIApplicationSupportsIndirectInputEvents = YES;
				INFOPLIST_KEY_UILaunchScreen_Generation = YES;
				INFOPLIST_KEY_UISupportedInterfaceOrientations_iPad = "UIInterfaceOrientationPortrait UIInterfaceOrientationPortraitUpsideDown UIInterfaceOrientationLandscapeLeft UIInterfaceOrientationLandscapeRight";
				INFOPLIST_KEY_UISupportedInterfaceOrientations_iPhone = "UIInterfaceOrientationPortrait UIInterfaceOrientationLandscapeLeft UIInterfaceOrientationLandscapeRight";
				LD_RUNPATH_SEARCH_PATHS = (
					"$(inherited)",
					"@executable_path/Frameworks",
				);
				MARKETING_VERSION = 1.0;
				PRODUCT_BUNDLE_IDENTIFIER = au.edu.uts.MoodDiary;
				PRODUCT_NAME = "$(TARGET_NAME)";
				SWIFT_EMIT_LOC_STRINGS = YES;
				SWIFT_VERSION = 5.0;
				TARGETED_DEVICE_FAMILY = "1,2";
			};
			name = Release;
		};
/* End XCBuildConfiguration section */

/* Begin XCConfigurationList section */
		61AEBCD429A47E6700DA81C7 /* Build configuration list for PBXProject "MoodDiary" */ = {
			isa = XCConfigurationList;
			buildConfigurations = (
				61AEBCE529A47E6800DA81C7 /* Debug */,
				61AEBCE629A47E6800DA81C7 /* Release */,
			);
			defaultConfigurationIsVisible = 0;
			defaultConfigurationName = Release;
		};
		61AEBCE729A47E6800DA81C7 /* Build configuration list for PBXNativeTarget "MoodDiary" */ = {
			isa = XCConfigurationList;
			buildConfigurations = (
				61AEBCE829A47E6800DA81C7 /* Debug */,
				61AEBCE929A47E6800DA81C7 /* Release */,
			);
			defaultConfigurationIsVisible = 0;
			defaultConfigurationName = Release;
		};
/* End XCConfigurationList section */
	};
	rootObject = 61AEBCD129A47E6700DA81C7 /* Project object */;
}
